
Microsoft Visual Studio Solution File, Format Version 12.00
# Visual Studio Version 17
VisualStudioVersion = 17.14.36603.0 d17.14
MinimumVisualStudioVersion = 10.0.40219.1
Project("{FAE04EC0-301F-11D3-BF4B-00C04F79EFBC}") = "CoreEngine", "CoreEngine\CoreEngine.csproj", "{2A0B54F0-9C9B-48DF-85A6-A03D55CCB3F0}"
EndProject
Project("{FAE04EC0-301F-11D3-BF4B-00C04F79EFBC}") = "CalcCLI", "CalcCLI\CalcCLI.csproj", "{ADD3F942-9175-429D-AD81-105B8596E867}"
EndProject
Global
	GlobalSection(SolutionConfigurationPlatforms) = preSolution
		Debug|Any CPU = Debug|Any CPU
		Release|Any CPU = Release|Any CPU
	EndGlobalSection
	GlobalSection(ProjectConfigurationPlatforms) = postSolution
		{2A0B54F0-9C9B-48DF-85A6-A03D55CCB3F0}.Debug|Any CPU.ActiveCfg = Debug|Any CPU
		{2A0B54F0-9C9B-48DF-85A6-A03D55CCB3F0}.Debug|Any CPU.Build.0 = Debug|Any CPU
		{2A0B54F0-9C9B-48DF-85A6-A03D55CCB3F0}.Release|Any CPU.ActiveCfg = Release|Any CPU
		{2A0B54F0-9C9B-48DF-85A6-A03D55CCB3F0}.Release|Any CPU.Build.0 = Release|Any CPU
		{ADD3F942-9175-429D-AD81-105B8596E867}.Debug|Any CPU.ActiveCfg = Debug|Any CPU
		{ADD3F942-9175-429D-AD81-105B8596E867}.Debug|Any CPU.Build.0 = Debug|Any CPU
		{ADD3F942-9175-429D-AD81-105B8596E867}.Release|Any CPU.ActiveCfg = Release|Any CPU
		{ADD3F942-9175-429D-AD81-105B8596E867}.Release|Any CPU.Build.0 = Release|Any CPU
	EndGlobalSection
	GlobalSection(SolutionProperties) = preSolution
		HideSolutionNode = FALSE
	EndGlobalSection
	GlobalSection(ExtensibilityGlobals) = postSolution
		SolutionGuid = {DE838CC1-2090-4AE9-B957-963062B29A63}
	EndGlobalSection
EndGlobal
